{
  "name": "prepros-project",
  "version": "1.0.0",
  "lockfileVersion": 1,
  "requires": true,
  "dependencies": {
    "jquery": {
      "version": "3.6.0",
      "resolved": "https://registry.npmjs.org/jquery/-/jquery-3.6.0.tgz",
      "integrity": "sha512-JVzAR/AjBvVt2BmYhxRCSYysDsPcssdmTFnzyLEts9qNwmjmu4JTAMYubEfwVOSwpQ1I1sKKFcxhZCI2buerfw=="
    },
    "jquery.nicescroll": {
      "version": "3.7.6",
      "resolved": "https://registry.npmjs.org/jquery.nicescroll/-/jquery.nicescroll-3.7.6.tgz",
      "integrity": "sha1-r+/z6AZY2r5PeNLS6EJQBg/qCFI=",
      "requires": {
        "jquery": ">=1.8.3"
      }
    },
    "select2": {
      "version": "4.1.0-rc.0",
      "resolved": "https://registry.npmjs.org/select2/-/select2-4.1.0-rc.0.tgz",
      "integrity": "sha512-Hr9TdhyHCZUtwznEH2CBf7967mEM0idtJ5nMtjvk3Up5tPukOLXbHUNmh10oRfeNIhj+3GD3niu+g6sVK+gK0A=="
    },
    "tooltipster": {
      "version": "4.2.8",
      "resolved": "https://registry.npmjs.org/tooltipster/-/tooltipster-4.2.8.tgz",
      "integrity": "sha512-Znmbt5UMzaiFCRlVaRtfRZYQqxrmNlj1+3xX/aT0OiA3xkQZhXYGbLJmZPigx0YiReYZpO7Lm2XKbUxXsiU/pg=="
    }
  }
}
